// !$*UTF8*$!
{
	archiveVersion = 1;
	classes = {
	};
	objectVersion = 77;
	objects = {

/* Begin PBXContainerItemProxy section */
		1A7E4F842D1929D2006C98D7 /* PBXContainerItemProxy */ = {
			isa = PBXContainerItemProxy;
			containerPortal = 1A7E4F6A2D1929D1006C98D7 /* Project object */;
			proxyType = 1;
			remoteGlobalIDString = 1A7E4F712D1929D1006C98D7;
			remoteInfo = CaseStudyReactiveProgramming;
		};
		1A7E4F8E2D1929D2006C98D7 /* PBXContainerItemProxy */ = {
			isa = PBXContainerItemProxy;
			containerPortal = 1A7E4F6A2D1929D1006C98D7 /* Project object */;
			proxyType = 1;
			remoteGlobalIDString = 1A7E4F712D1929D1006C98D7;
			remoteInfo = CaseStudyReactiveProgramming;
		};
/* End PBXContainerItemProxy section */

/* Begin PBXFileReference section */
		1A7E4F722D1929D1006C98D7 /* CaseStudyReactiveProgramming.app */ = {isa = PBXFileReference; explicitFileType = wrapper.application; includeInIndex = 0; path = CaseStudyReactiveProgramming.app; sourceTree = BUILT_PRODUCTS_DIR; };
		1A7E4F832D1929D2006C98D7 /* CaseStudyReactiveProgrammingTests.xctest */ = {isa = PBXFileReference; explicitFileType = wrapper.cfbundle; includeInIndex = 0; path = CaseStudyReactiveProgrammingTests.xctest; sourceTree = BUILT_PRODUCTS_DIR; };
		1A7E4F8D2D1929D2006C98D7 /* CaseStudyReactiveProgrammingUITests.xctest */ = {isa = PBXFileReference; explicitFileType = wrapper.cfbundle; includeInIndex = 0; path = CaseStudyReactiveProgrammingUITests.xctest; sourceTree = BUILT_PRODUCTS_DIR; };
/* End PBXFileReference section */

/* Begin PBXFileSystemSynchronizedRootGroup section */
		1A7E4F742D1929D1006C98D7 /* CaseStudyReactiveProgramming */ = {
			isa = PBXFileSystemSynchronizedRootGroup;
			path = CaseStudyReactiveProgramming;
			sourceTree = "<group>";
		};
		1A7E4F862D1929D2006C98D7 /* CaseStudyReactiveProgrammingTests */ = {
			isa = PBXFileSystemSynchronizedRootGroup;
			path = CaseStudyReactiveProgrammingTests;
			sourceTree = "<group>";
		};
		1A7E4F902D1929D2006C98D7 /* CaseStudyReactiveProgrammingUITests */ = {
			isa = PBXFileSystemSynchronizedRootGroup;
			path = CaseStudyReactiveProgrammingUITests;
			sourceTree = "<group>";
		};
/* End PBXFileSystemSynchronizedRootGroup section */

/* Begin PBXFrameworksBuildPhase section */
		1A7E4F6F2D1929D1006C98D7 /* Frameworks */ = {
			isa = PBXFrameworksBuildPhase;
			buildActionMask = 2147483647;
			files = (
			);
			runOnlyForDeploymentPostprocessing = 0;
		};
		1A7E4F802D1929D2006C98D7 /* Frameworks */ = {
			isa = PBXFrameworksBuildPhase;
			buildActionMask = 2147483647;
			files = (
			);
			runOnlyForDeploymentPostprocessing = 0;
		};
		1A7E4F8A2D1929D2006C98D7 /* Frameworks */ = {
			isa = PBXFrameworksBuildPhase;
			buildActionMask = 2147483647;
			files = (
			);
			runOnlyForDeploymentPostprocessing = 0;
		};
/* End PBXFrameworksBuildPhase section */

/* Begin PBXGroup section */
		1A7E4F692D1929D1006C98D7 = {
			isa = PBXGroup;
			children = (
				1A7E4F742D1929D1006C98D7 /* CaseStudyReactiveProgramming */,
				1A7E4F862D1929D2006C98D7 /* CaseStudyReactiveProgrammingTests */,
				1A7E4F902D1929D2006C98D7 /* CaseStudyReactiveProgrammingUITests */,
				1A7E4F732D1929D1006C98D7 /* Products */,
			);
			sourceTree = "<group>";
		};
		1A7E4F732D1929D1006C98D7 /* Products */ = {
			isa = PBXGroup;
			children = (
				1A7E4F722D1929D1006C98D7 /* CaseStudyReactiveProgramming.app */,
				1A7E4F832D1929D2006C98D7 /* CaseStudyReactiveProgrammingTests.xctest */,
				1A7E4F8D2D1929D2006C98D7 /* CaseStudyReactiveProgrammingUITests.xctest */,
			);
			name = Products;
			sourceTree = "<group>";
		};
/* End PBXGroup section */

/* Begin PBXNativeTarget section */
		1A7E4F712D1929D1006C98D7 /* CaseStudyReactiveProgramming */ = {
			isa = PBXNativeTarget;
			buildConfigurationList = 1A7E4F972D1929D2006C98D7 /* Build configuration list for PBXNativeTarget "CaseStudyReactiveProgramming" */;
			buildPhases = (
				1A7E4F6E2D1929D1006C98D7 /* Sources */,
				1A7E4F6F2D1929D1006C98D7 /* Frameworks */,
				1A7E4F702D1929D1006C98D7 /* Resources */,
			);
			buildRules = (
			);
			dependencies = (
			);
			fileSystemSynchronizedGroups = (
				1A7E4F742D1929D1006C98D7 /* CaseStudyReactiveProgramming */,
			);
			name = CaseStudyReactiveProgramming;
			packageProductDependencies = (
			);
			productName = CaseStudyReactiveProgramming;
			productReference = 1A7E4F722D1929D1006C98D7 /* CaseStudyReactiveProgramming.app */;
			productType = "com.apple.product-type.application";
		};
		1A7E4F822D1929D2006C98D7 /* CaseStudyReactiveProgrammingTests */ = {
			isa = PBXNativeTarget;
			buildConfigurationList = 1A7E4F9A2D1929D2006C98D7 /* Build configuration list for PBXNativeTarget "CaseStudyReactiveProgrammingTests" */;
			buildPhases = (
				1A7E4F7F2D1929D2006C98D7 /* Sources */,
				1A7E4F802D1929D2006C98D7 /* Frameworks */,
				1A7E4F812D1929D2006C98D7 /* Resources */,
			);
			buildRules = (
			);
			dependencies = (
				1A7E4F852D1929D2006C98D7 /* PBXTargetDependency */,
			);
			fileSystemSynchronizedGroups = (
				1A7E4F862D1929D2006C98D7 /* CaseStudyReactiveProgrammingTests */,
			);
			name = CaseStudyReactiveProgrammingTests;
			packageProductDependencies = (
			);
			productName = CaseStudyReactiveProgrammingTests;
			productReference = 1A7E4F832D1929D2006C98D7 /* CaseStudyReactiveProgrammingTests.xctest */;
			productType = "com.apple.product-type.bundle.unit-test";
		};
		1A7E4F8C2D1929D2006C98D7 /* CaseStudyReactiveProgrammingUITests */ = {
			isa = PBXNativeTarget;
			buildConfigurationList = 1A7E4F9D2D1929D2006C98D7 /* Build configuration list for PBXNativeTarget "CaseStudyReactiveProgrammingUITests" */;
			buildPhases = (
				1A7E4F892D1929D2006C98D7 /* Sources */,
				1A7E4F8A2D1929D2006C98D7 /* Frameworks */,
				1A7E4F8B2D1929D2006C98D7 /* Resources */,
			);
			buildRules = (
			);
			dependencies = (
				1A7E4F8F2D1929D2006C98D7 /* PBXTargetDependency */,
			);
			fileSystemSynchronizedGroups = (
				1A7E4F902D1929D2006C98D7 /* CaseStudyReactiveProgrammingUITests */,
			);
			name = CaseStudyReactiveProgrammingUITests;
			packageProductDependencies = (
			);
			productName = CaseStudyReactiveProgrammingUITests;
			productReference = 1A7E4F8D2D1929D2006C98D7 /* CaseStudyReactiveProgrammingUITests.xctest */;
			productType = "com.apple.product-type.bundle.ui-testing";
		};
/* End PBXNativeTarget section */

/* Begin PBXProject section */
		1A7E4F6A2D1929D1006C98D7 /* Project object */ = {
			isa = PBXProject;
			attributes = {
				BuildIndependentTargetsInParallel = 1;
				LastSwiftUpdateCheck = 1620;
				LastUpgradeCheck = 1620;
				TargetAttributes = {
					1A7E4F712D1929D1006C98D7 = {
						CreatedOnToolsVersion = 16.2;
					};
					1A7E4F822D1929D2006C98D7 = {
						CreatedOnToolsVersion = 16.2;
						TestTargetID = 1A7E4F712D1929D1006C98D7;
					};
					1A7E4F8C2D1929D2006C98D7 = {
						CreatedOnToolsVersion = 16.2;
						TestTargetID = 1A7E4F712D1929D1006C98D7;
					};
				};
			};
			buildConfigurationList = 1A7E4F6D2D1929D1006C98D7 /* Build configuration list for PBXProject "CaseStudyReactiveProgramming" */;
			developmentRegion = en;
			hasScannedForEncodings = 0;
			knownRegions = (
				en,
				Base,
			);
			mainGroup = 1A7E4F692D1929D1006C98D7;
			minimizedProjectReferenceProxies = 1;
			preferredProjectObjectVersion = 77;
			productRefGroup = 1A7E4F732D1929D1006C98D7 /* Products */;
			projectDirPath = "";
			projectRoot = "";
			targets = (
				1A7E4F712D1929D1006C98D7 /* CaseStudyReactiveProgramming */,
				1A7E4F822D1929D2006C98D7 /* CaseStudyReactiveProgrammingTests */,
				1A7E4F8C2D1929D2006C98D7 /* CaseStudyReactiveProgrammingUITests */,
			);
		};
/* End PBXProject section */

/* Begin PBXResourcesBuildPhase section */
		1A7E4F702D1929D1006C98D7 /* Resources */ = {
			isa = PBXResourcesBuildPhase;
			buildActionMask = 2147483647;
			files = (
			);
			runOnlyForDeploymentPostprocessing = 0;
		};
		1A7E4F812D1929D2006C98D7 /* Resources */ = {
			isa = PBXResourcesBuildPhase;
			buildActionMask = 2147483647;
			files = (
			);
			runOnlyForDeploymentPostprocessing = 0;
		};
		1A7E4F8B2D1929D2006C98D7 /* Resources */ = {
			isa = PBXResourcesBuildPhase;
			buildActionMask = 2147483647;
			files = (
			);
			runOnlyForDeploymentPostprocessing = 0;
		};
/* End PBXResourcesBuildPhase section */

/* Begin PBXSourcesBuildPhase section */
		1A7E4F6E2D1929D1006C98D7 /* Sources */ = {
			isa = PBXSourcesBuildPhase;
			buildActionMask = 2147483647;
			files = (
			);
			runOnlyForDeploymentPostprocessing = 0;
		};
		1A7E4F7F2D1929D2006C98D7 /* Sources */ = {
			isa = PBXSourcesBuildPhase;
			buildActionMask = 2147483647;
			files = (
			);
			runOnlyForDeploymentPostprocessing = 0;
		};
		1A7E4F892D1929D2006C98D7 /* Sources */ = {
			isa = PBXSourcesBuildPhase;
			buildActionMask = 2147483647;
			files = (
			);
			runOnlyForDeploymentPostprocessing = 0;
		};
/* End PBXSourcesBuildPhase section */

/* Begin PBXTargetDependency section */
		1A7E4F852D1929D2006C98D7 /* PBXTargetDependency */ = {
			isa = PBXTargetDependency;
			target = 1A7E4F712D1929D1006C98D7 /* CaseStudyReactiveProgramming */;
			targetProxy = 1A7E4F842D1929D2006C98D7 /* PBXContainerItemProxy */;
		};
		1A7E4F8F2D1929D2006C98D7 /* PBXTargetDependency */ = {
			isa = PBXTargetDependency;
			target = 1A7E4F712D1929D1006C98D7 /* CaseStudyReactiveProgramming */;
			targetProxy = 1A7E4F8E2D1929D2006C98D7 /* PBXContainerItemProxy */;
		};
/* End PBXTargetDependency section */

/* Begin XCBuildConfiguration section */
		1A7E4F952D1929D2006C98D7 /* Debug */ = {
			isa = XCBuildConfiguration;
			buildSettings = {
				ALWAYS_SEARCH_USER_PATHS = NO;
				ASSETCATALOG_COMPILER_GENERATE_SWIFT_ASSET_SYMBOL_EXTENSIONS = YES;
				CLANG_ANALYZER_NONNULL = YES;
				CLANG_ANALYZER_NUMBER_OBJECT_CONVERSION = YES_AGGRESSIVE;
				CLANG_CXX_LANGUAGE_STANDARD = "gnu++20";
				CLANG_ENABLE_MODULES = YES;
				CLANG_ENABLE_OBJC_ARC = YES;
				CLANG_ENABLE_OBJC_WEAK = YES;
				CLANG_WARN_BLOCK_CAPTURE_AUTORELEASING = YES;
				CLANG_WARN_BOOL_CONVERSION = YES;
				CLANG_WARN_COMMA = YES;
				CLANG_WARN_CONSTANT_CONVERSION = YES;
				CLANG_WARN_DEPRECATED_OBJC_IMPLEMENTATIONS = YES;
				CLANG_WARN_DIRECT_OBJC_ISA_USAGE = YES_ERROR;
				CLANG_WARN_DOCUMENTATION_COMMENTS = YES;
				CLANG_WARN_EMPTY_BODY = YES;
				CLANG_WARN_ENUM_CONVERSION = YES;
				CLANG_WARN_INFINITE_RECURSION = YES;
				CLANG_WARN_INT_CONVERSION = YES;
				CLANG_WARN_NON_LITERAL_NULL_CONVERSION = YES;
				CLANG_WARN_OBJC_IMPLICIT_RETAIN_SELF = YES;
				CLANG_WARN_OBJC_LITERAL_CONVERSION = YES;
				CLANG_WARN_OBJC_ROOT_CLASS = YES_ERROR;
				CLANG_WARN_QUOTED_INCLUDE_IN_FRAMEWORK_HEADER = YES;
				CLANG_WARN_RANGE_LOOP_ANALYSIS = YES;
				CLANG_WARN_STRICT_PROTOTYPES = YES;
				CLANG_WARN_SUSPICIOUS_MOVE = YES;
				CLANG_WARN_UNGUARDED_AVAILABILITY = YES_AGGRESSIVE;
				CLANG_WARN_UNREACHABLE_CODE = YES;
				CLANG_WARN__DUPLICATE_METHOD_MATCH = YES;
				COPY_PHASE_STRIP = NO;
				DEBUG_INFORMATION_FORMAT = dwarf;
				ENABLE_STRICT_OBJC_MSGSEND = YES;
				ENABLE_TESTABILITY = YES;
				ENABLE_USER_SCRIPT_SANDBOXING = YES;
				GCC_C_LANGUAGE_STANDARD = gnu17;
				GCC_DYNAMIC_NO_PIC = NO;
				GCC_NO_COMMON_BLOCKS = YES;
				GCC_OPTIMIZATION_LEVEL = 0;
				GCC_PREPROCESSOR_DEFINITIONS = (
					"DEBUG=1",
					"$(inherited)",
				);
				GCC_WARN_64_TO_32_BIT_CONVERSION = YES;
				GCC_WARN_ABOUT_RETURN_TYPE = YES_ERROR;
				GCC_WARN_UNDECLARED_SELECTOR = YES;
				GCC_WARN_UNINITIALIZED_AUTOS = YES_AGGRESSIVE;
				GCC_WARN_UNUSED_FUNCTION = YES;
				GCC_WARN_UNUSED_VARIABLE = YES;
				LOCALIZATION_PREFERS_STRING_CATALOGS = YES;
				MTL_ENABLE_DEBUG_INFO = INCLUDE_SOURCE;
				MTL_FAST_MATH = YES;
				ONLY_ACTIVE_ARCH = YES;
				SWIFT_ACTIVE_COMPILATION_CONDITIONS = "DEBUG $(inherited)";
				SWIFT_OPTIMIZATION_LEVEL = "-Onone";
			};
			name = Debug;
		};
		1A7E4F962D1929D2006C98D7 /* Release */ = {
			isa = XCBuildConfiguration;
			buildSettings = {
				ALWAYS_SEARCH_USER_PATHS = NO;
				ASSETCATALOG_COMPILER_GENERATE_SWIFT_ASSET_SYMBOL_EXTENSIONS = YES;
				CLANG_ANALYZER_NONNULL = YES;
				CLANG_ANALYZER_NUMBER_OBJECT_CONVERSION = YES_AGGRESSIVE;
				CLANG_CXX_LANGUAGE_STANDARD = "gnu++20";
				CLANG_ENABLE_MODULES = YES;
				CLANG_ENABLE_OBJC_ARC = YES;
				CLANG_ENABLE_OBJC_WEAK = YES;
				CLANG_WARN_BLOCK_CAPTURE_AUTORELEASING = YES;
				CLANG_WARN_BOOL_CONVERSION = YES;
				CLANG_WARN_COMMA = YES;
				CLANG_WARN_CONSTANT_CONVERSION = YES;
				CLANG_WARN_DEPRECATED_OBJC_IMPLEMENTATIONS = YES;
				CLANG_WARN_DIRECT_OBJC_ISA_USAGE = YES_ERROR;
				CLANG_WARN_DOCUMENTATION_COMMENTS = YES;
				CLANG_WARN_EMPTY_BODY = YES;
				CLANG_WARN_ENUM_CONVERSION = YES;
				CLANG_WARN_INFINITE_RECURSION = YES;
				CLANG_WARN_INT_CONVERSION = YES;
				CLANG_WARN_NON_LITERAL_NULL_CONVERSION = YES;
				CLANG_WARN_OBJC_IMPLICIT_RETAIN_SELF = YES;
				CLANG_WARN_OBJC_LITERAL_CONVERSION = YES;
				CLANG_WARN_OBJC_ROOT_CLASS = YES_ERROR;
				CLANG_WARN_QUOTED_INCLUDE_IN_FRAMEWORK_HEADER = YES;
				CLANG_WARN_RANGE_LOOP_ANALYSIS = YES;
				CLANG_WARN_STRICT_PROTOTYPES = YES;
				CLANG_WARN_SUSPICIOUS_MOVE = YES;
				CLANG_WARN_UNGUARDED_AVAILABILITY = YES_AGGRESSIVE;
				CLANG_WARN_UNREACHABLE_CODE = YES;
				CLANG_WARN__DUPLICATE_METHOD_MATCH = YES;
				COPY_PHASE_STRIP = NO;
				DEBUG_INFORMATION_FORMAT = "dwarf-with-dsym";
				ENABLE_NS_ASSERTIONS = NO;
				ENABLE_STRICT_OBJC_MSGSEND = YES;
				ENABLE_USER_SCRIPT_SANDBOXING = YES;
				GCC_C_LANGUAGE_STANDARD = gnu17;
				GCC_NO_COMMON_BLOCKS = YES;
				GCC_WARN_64_TO_32_BIT_CONVERSION = YES;
				GCC_WARN_ABOUT_RETURN_TYPE = YES_ERROR;
				GCC_WARN_UNDECLARED_SELECTOR = YES;
				GCC_WARN_UNINITIALIZED_AUTOS = YES_AGGRESSIVE;
				GCC_WARN_UNUSED_FUNCTION = YES;
				GCC_WARN_UNUSED_VARIABLE = YES;
				LOCALIZATION_PREFERS_STRING_CATALOGS = YES;
				MTL_ENABLE_DEBUG_INFO = NO;
				MTL_FAST_MATH = YES;
				SWIFT_COMPILATION_MODE = wholemodule;
			};
			name = Release;
		};
		1A7E4F982D1929D2006C98D7 /* Debug */ = {
			isa = XCBuildConfiguration;
			buildSettings = {
				ASSETCATALOG_COMPILER_APPICON_NAME = AppIcon;
				ASSETCATALOG_COMPILER_GLOBAL_ACCENT_COLOR_NAME = AccentColor;
				CODE_SIGN_ENTITLEMENTS = CaseStudyReactiveProgramming/CaseStudyReactiveProgramming.entitlements;
				CODE_SIGN_STYLE = Automatic;
				CURRENT_PROJECT_VERSION = 1;
				DEVELOPMENT_ASSET_PATHS = "\"CaseStudyReactiveProgramming/Preview Content\"";
				ENABLE_PREVIEWS = YES;
				GENERATE_INFOPLIST_FILE = YES;
				"INFOPLIST_KEY_UIApplicationSceneManifest_Generation[sdk=iphoneos*]" = YES;
				"INFOPLIST_KEY_UIApplicationSceneManifest_Generation[sdk=iphonesimulator*]" = YES;
				"INFOPLIST_KEY_UIApplicationSupportsIndirectInputEvents[sdk=iphoneos*]" = YES;
				"INFOPLIST_KEY_UIApplicationSupportsIndirectInputEvents[sdk=iphonesimulator*]" = YES;
				"INFOPLIST_KEY_UILaunchScreen_Generation[sdk=iphoneos*]" = YES;
				"INFOPLIST_KEY_UILaunchScreen_Generation[sdk=iphonesimulator*]" = YES;
				"INFOPLIST_KEY_UIStatusBarStyle[sdk=iphoneos*]" = UIStatusBarStyleDefault;
				"INFOPLIST_KEY_UIStatusBarStyle[sdk=iphonesimulator*]" = UIStatusBarStyleDefault;
				INFOPLIST_KEY_UISupportedInterfaceOrientations_iPad = "UIInterfaceOrientationPortrait UIInterfaceOrientationPortraitUpsideDown UIInterfaceOrientationLandscapeLeft UIInterfaceOrientationLandscapeRight";
				INFOPLIST_KEY_UISupportedInterfaceOrientations_iPhone = "UIInterfaceOrientationPortrait UIInterfaceOrientationLandscapeLeft UIInterfaceOrientationLandscapeRight";
				IPHONEOS_DEPLOYMENT_TARGET = 18.2;
				LD_RUNPATH_SEARCH_PATHS = "@executable_path/Frameworks";
				"LD_RUNPATH_SEARCH_PATHS[sdk=macosx*]" = "@executable_path/../Frameworks";
				MACOSX_DEPLOYMENT_TARGET = 15.2;
				MARKETING_VERSION = 1.0;
				PRODUCT_BUNDLE_IDENTIFIER = hk.kingsin.CaseStudyReactiveProgramming;
				PRODUCT_NAME = "$(TARGET_NAME)";
				SDKROOT = auto;
				SUPPORTED_PLATFORMS = "iphoneos iphonesimulator macosx xros xrsimulator";
				SWIFT_EMIT_LOC_STRINGS = YES;
				SWIFT_VERSION = 5.0;
				TARGETED_DEVICE_FAMILY = "1,2,7";
				XROS_DEPLOYMENT_TARGET = 2.2;
			};
			name = Debug;
		};
		1A7E4F992D1929D2006C98D7 /* Release */ = {
			isa = XCBuildConfiguration;
			buildSettings = {
				ASSETCATALOG_COMPILER_APPICON_NAME = AppIcon;
				ASSETCATALOG_COMPILER_GLOBAL_ACCENT_COLOR_NAME = AccentColor;
				CODE_SIGN_ENTITLEMENTS = CaseStudyReactiveProgramming/CaseStudyReactiveProgramming.entitlements;
				CODE_SIGN_STYLE = Automatic;
				CURRENT_PROJECT_VERSION = 1;
				DEVELOPMENT_ASSET_PATHS = "\"CaseStudyReactiveProgramming/Preview Content\"";
				ENABLE_PREVIEWS = YES;
				GENERATE_INFOPLIST_FILE = YES;
				"INFOPLIST_KEY_UIApplicationSceneManifest_Generation[sdk=iphoneos*]" = YES;
				"INFOPLIST_KEY_UIApplicationSceneManifest_Generation[sdk=iphonesimulator*]" = YES;
				"INFOPLIST_KEY_UIApplicationSupportsIndirectInputEvents[sdk=iphoneos*]" = YES;
				"INFOPLIST_KEY_UIApplicationSupportsIndirectInputEvents[sdk=iphonesimulator*]" = YES;
				"INFOPLIST_KEY_UILaunchScreen_Generation[sdk=iphoneos*]" = YES;
				"INFOPLIST_KEY_UILaunchScreen_Generation[sdk=iphonesimulator*]" = YES;
				"INFOPLIST_KEY_UIStatusBarStyle[sdk=iphoneos*]" = UIStatusBarStyleDefault;
				"INFOPLIST_KEY_UIStatusBarStyle[sdk=iphonesimulator*]" = UIStatusBarStyleDefault;
				INFOPLIST_KEY_UISupportedInterfaceOrientations_iPad = "UIInterfaceOrientationPortrait UIInterfaceOrientationPortraitUpsideDown UIInterfaceOrientationLandscapeLeft UIInterfaceOrientationLandscapeRight";
				INFOPLIST_KEY_UISupportedInterfaceOrientations_iPhone = "UIInterfaceOrientationPortrait UIInterfaceOrientationLandscapeLeft UIInterfaceOrientationLandscapeRight";
				IPHONEOS_DEPLOYMENT_TARGET = 18.2;
				LD_RUNPATH_SEARCH_PATHS = "@executable_path/Frameworks";
				"LD_RUNPATH_SEARCH_PATHS[sdk=macosx*]" = "@executable_path/../Frameworks";
				MACOSX_DEPLOYMENT_TARGET = 15.2;
				MARKETING_VERSION = 1.0;
				PRODUCT_BUNDLE_IDENTIFIER = hk.kingsin.CaseStudyReactiveProgramming;
				PRODUCT_NAME = "$(TARGET_NAME)";
				SDKROOT = auto;
				SUPPORTED_PLATFORMS = "iphoneos iphonesimulator macosx xros xrsimulator";
				SWIFT_EMIT_LOC_STRINGS = YES;
				SWIFT_VERSION = 5.0;
				TARGETED_DEVICE_FAMILY = "1,2,7";
				XROS_DEPLOYMENT_TARGET = 2.2;
			};
			name = Release;
		};
		1A7E4F9B2D1929D2006C98D7 /* Debug */ = {
			isa = XCBuildConfiguration;
			buildSettings = {
				BUNDLE_LOADER = "$(TEST_HOST)";
				CODE_SIGN_STYLE = Automatic;
				CURRENT_PROJECT_VERSION = 1;
				GENERATE_INFOPLIST_FILE = YES;
				IPHONEOS_DEPLOYMENT_TARGET = 18.2;
				MACOSX_DEPLOYMENT_TARGET = 15.2;
				MARKETING_VERSION = 1.0;
				PRODUCT_BUNDLE_IDENTIFIER = hk.kingsin.CaseStudyReactiveProgrammingTests;
				PRODUCT_NAME = "$(TARGET_NAME)";
				SDKROOT = auto;
				SUPPORTED_PLATFORMS = "iphoneos iphonesimulator macosx xros xrsimulator";
				SWIFT_EMIT_LOC_STRINGS = NO;
				SWIFT_VERSION = 5.0;
				TARGETED_DEVICE_FAMILY = "1,2,7";
				TEST_HOST = "$(BUILT_PRODUCTS_DIR)/CaseStudyReactiveProgramming.app/$(BUNDLE_EXECUTABLE_FOLDER_PATH)/CaseStudyReactiveProgramming";
				XROS_DEPLOYMENT_TARGET = 2.2;
			};
			name = Debug;
		};
		1A7E4F9C2D1929D2006C98D7 /* Release */ = {
			isa = XCBuildConfiguration;
			buildSettings = {
				BUNDLE_LOADER = "$(TEST_HOST)";
				CODE_SIGN_STYLE = Automatic;
				CURRENT_PROJECT_VERSION = 1;
				GENERATE_INFOPLIST_FILE = YES;
				IPHONEOS_DEPLOYMENT_TARGET = 18.2;
				MACOSX_DEPLOYMENT_TARGET = 15.2;
				MARKETING_VERSION = 1.0;
				PRODUCT_BUNDLE_IDENTIFIER = hk.kingsin.CaseStudyReactiveProgrammingTests;
				PRODUCT_NAME = "$(TARGET_NAME)";
				SDKROOT = auto;
				SUPPORTED_PLATFORMS = "iphoneos iphonesimulator macosx xros xrsimulator";
				SWIFT_EMIT_LOC_STRINGS = NO;
				SWIFT_VERSION = 5.0;
				TARGETED_DEVICE_FAMILY = "1,2,7";
				TEST_HOST = "$(BUILT_PRODUCTS_DIR)/CaseStudyReactiveProgramming.app/$(BUNDLE_EXECUTABLE_FOLDER_PATH)/CaseStudyReactiveProgramming";
				XROS_DEPLOYMENT_TARGET = 2.2;
			};
			name = Release;
		};
		1A7E4F9E2D1929D2006C98D7 /* Debug */ = {
			isa = XCBuildConfiguration;
			buildSettings = {
				CODE_SIGN_STYLE = Automatic;
				CURRENT_PROJECT_VERSION = 1;
				GENERATE_INFOPLIST_FILE = YES;
				IPHONEOS_DEPLOYMENT_TARGET = 18.2;
				MACOSX_DEPLOYMENT_TARGET = 15.2;
				MARKETING_VERSION = 1.0;
				PRODUCT_BUNDLE_IDENTIFIER = hk.kingsin.CaseStudyReactiveProgrammingUITests;
				PRODUCT_NAME = "$(TARGET_NAME)";
				SDKROOT = auto;
				SUPPORTED_PLATFORMS = "iphoneos iphonesimulator macosx xros xrsimulator";
				SWIFT_EMIT_LOC_STRINGS = NO;
				SWIFT_VERSION = 5.0;
				TARGETED_DEVICE_FAMILY = "1,2,7";
				TEST_TARGET_NAME = CaseStudyReactiveProgramming;
				XROS_DEPLOYMENT_TARGET = 2.2;
			};
			name = Debug;
		};
		1A7E4F9F2D1929D2006C98D7 /* Release */ = {
			isa = XCBuildConfiguration;
			buildSettings = {
				CODE_SIGN_STYLE = Automatic;
				CURRENT_PROJECT_VERSION = 1;
				GENERATE_INFOPLIST_FILE = YES;
				IPHONEOS_DEPLOYMENT_TARGET = 18.2;
				MACOSX_DEPLOYMENT_TARGET = 15.2;
				MARKETING_VERSION = 1.0;
				PRODUCT_BUNDLE_IDENTIFIER = hk.kingsin.CaseStudyReactiveProgrammingUITests;
				PRODUCT_NAME = "$(TARGET_NAME)";
				SDKROOT = auto;
				SUPPORTED_PLATFORMS = "iphoneos iphonesimulator macosx xros xrsimulator";
				SWIFT_EMIT_LOC_STRINGS = NO;
				SWIFT_VERSION = 5.0;
				TARGETED_DEVICE_FAMILY = "1,2,7";
				TEST_TARGET_NAME = CaseStudyReactiveProgramming;
				XROS_DEPLOYMENT_TARGET = 2.2;
			};
			name = Release;
		};
/* End XCBuildConfiguration section */

/* Begin XCConfigurationList section */
		1A7E4F6D2D1929D1006C98D7 /* Build configuration list for PBXProject "CaseStudyReactiveProgramming" */ = {
			isa = XCConfigurationList;
			buildConfigurations = (
				1A7E4F952D1929D2006C98D7 /* Debug */,
				1A7E4F962D1929D2006C98D7 /* Release */,
			);
			defaultConfigurationIsVisible = 0;
			defaultConfigurationName = Release;
		};
		1A7E4F972D1929D2006C98D7 /* Build configuration list for PBXNativeTarget "CaseStudyReactiveProgramming" */ = {
			isa = XCConfigurationList;
			buildConfigurations = (
				1A7E4F982D1929D2006C98D7 /* Debug */,
				1A7E4F992D1929D2006C98D7 /* Release */,
			);
			defaultConfigurationIsVisible = 0;
			defaultConfigurationName = Release;
		};
		1A7E4F9A2D1929D2006C98D7 /* Build configuration list for PBXNativeTarget "CaseStudyReactiveProgrammingTests" */ = {
			isa = XCConfigurationList;
			buildConfigurations = (
				1A7E4F9B2D1929D2006C98D7 /* Debug */,
				1A7E4F9C2D1929D2006C98D7 /* Release */,
			);
			defaultConfigurationIsVisible = 0;
			defaultConfigurationName = Release;
		};
		1A7E4F9D2D1929D2006C98D7 /* Build configuration list for PBXNativeTarget "CaseStudyReactiveProgrammingUITests" */ = {
			isa = XCConfigurationList;
			buildConfigurations = (
				1A7E4F9E2D1929D2006C98D7 /* Debug */,
				1A7E4F9F2D1929D2006C98D7 /* Release */,
			);
			defaultConfigurationIsVisible = 0;
			defaultConfigurationName = Release;
		};
/* End XCConfigurationList section */
	};
	rootObject = 1A7E4F6A2D1929D1006C98D7 /* Project object */;
}
